
Microsoft Visual Studio Solution File, Format Version 12.00
# Visual Studio Version 17
VisualStudioVersion = 17.4.33403.182
MinimumVisualStudioVersion = 10.0.40219.1
Project("{9A19103F-16F7-4668-BE54-9A1E7A4F7556}") = "MyClinicApi", "MyClinicApi.csproj", "{3BB1CB68-FF76-4FB7-9761-3B4E9008E5E1}"
EndProject
Global
	GlobalSection(SolutionConfigurationPlatforms) = preSolution
		Debug|Any CPU = Debug|Any CPU
		Release|Any CPU = Release|Any CPU
	EndGlobalSection
	GlobalSection(ProjectConfigurationPlatforms) = postSolution
		{3BB1CB68-FF76-4FB7-9761-3B4E9008E5E1}.Debug|Any CPU.ActiveCfg = Debug|Any CPU
		{3BB1CB68-FF76-4FB7-9761-3B4E9008E5E1}.Debug|Any CPU.Build.0 = Debug|Any CPU
		{3BB1CB68-FF76-4FB7-9761-3B4E9008E5E1}.Release|Any CPU.ActiveCfg = Release|Any CPU
		{3BB1CB68-FF76-4FB7-9761-3B4E9008E5E1}.Release|Any CPU.Build.0 = Release|Any CPU
	EndGlobalSection
	GlobalSection(SolutionProperties) = preSolution
		HideSolutionNode = FALSE
	EndGlobalSection
	GlobalSection(ExtensibilityGlobals) = postSolution
		SolutionGuid = {33AA12A9-AF0A-44EB-950E-FE8902FF73AE}
	EndGlobalSection
EndGlobal
